{
  "nodes": {
    "nixpkgs": {
      "locked": {
        "lastModified": 1721116560,
        "narHash": "sha256-++TYlGMAJM1Q+0nMVaWBSEvEUjRs7ZGiNQOpqbQApCU=",
        "owner": "nixos",
        "repo": "nixpkgs",
        "rev": "9355fa86e6f27422963132c2c9aeedb0fb963d93",
        "type": "github"
      },
      "original": {
        "owner": "nixos",
        "ref": "nixpkgs-unstable",
        "repo": "nixpkgs",
        "type": "github"
      }
    },
    "root": {
      "inputs": {
        "usbix": "usbix"
      }
    },
    "usbix": {
      "inputs": {
        "nixpkgs": "nixpkgs"
      },
      "locked": {
        "lastModified": 1721252185,
        "narHash": "sha256-jpl4yks/KOiZCoByQCy2LhVqwnJQVYpu+f21sYD3uOA=",
        "owner": "ProggerX",
        "repo": "usbix",
        "rev": "e7bb78c7d82df6dd1e392805b40a8ffe5dcd4e1f",
        "type": "github"
      },
      "original": {
        "owner": "ProggerX",
        "repo": "usbix",
        "type": "github"
      }
    }
  },
  "root": "root",
  "version": 7
}
