{
  "nodes": {
    "nixpkgs": {
      "locked": {
        "lastModified": 1721116560,
        "narHash": "sha256-++TYlGMAJM1Q+0nMVaWBSEvEUjRs7ZGiNQOpqbQApCU=",
        "owner": "nixos",
        "repo": "nixpkgs",
        "rev": "9355fa86e6f27422963132c2c9aeedb0fb963d93",
        "type": "github"
      },
      "original": {
        "owner": "nixos",
        "ref": "nixpkgs-unstable",
        "repo": "nixpkgs",
        "type": "github"
      }
    },
    "root": {
      "inputs": {
        "usbix": "usbix"
      }
    },
    "usbix": {
      "inputs": {
        "nixpkgs": "nixpkgs"
      },
      "locked": {
        "lastModified": 1721285448,
        "narHash": "sha256-JPgY2rQXGFvyHJz11kLsbW5Nkkaa42gKm5hI8GJyA0E=",
        "owner": "ProggerX",
        "repo": "usbix",
        "rev": "f61ec3995309aacbd9625a4550fd0114843c224f",
        "type": "github"
      },
      "original": {
        "owner": "ProggerX",
        "repo": "usbix",
        "type": "github"
      }
    }
  },
  "root": "root",
  "version": 7
}
