{
  "nodes": {
    "nixpkgs": {
      "locked": {
        "lastModified": 1721116560,
        "narHash": "sha256-++TYlGMAJM1Q+0nMVaWBSEvEUjRs7ZGiNQOpqbQApCU=",
        "owner": "nixos",
        "repo": "nixpkgs",
        "rev": "9355fa86e6f27422963132c2c9aeedb0fb963d93",
        "type": "github"
      },
      "original": {
        "owner": "nixos",
        "ref": "nixpkgs-unstable",
        "repo": "nixpkgs",
        "type": "github"
      }
    },
    "root": {
      "inputs": {
        "usbix": "usbix"
      }
    },
    "usbix": {
      "inputs": {
        "nixpkgs": "nixpkgs"
      },
      "locked": {
        "lastModified": 1721284159,
        "narHash": "sha256-RN+SGr7uy/V1/KGww53QUd1D1+ar0id+6ebZCaBsv3g=",
        "owner": "ProggerX",
        "repo": "usbix",
        "rev": "02b81b9c18d1164a5be4c7a792843302935a6e75",
        "type": "github"
      },
      "original": {
        "owner": "ProggerX",
        "repo": "usbix",
        "type": "github"
      }
    }
  },
  "root": "root",
  "version": 7
}
